// !$*UTF8*$!
{
	archiveVersion = 1;
	classes = {
	};
	objectVersion = 50;
	objects = {

/* Begin PBXBuildFile section */
		E2936ECF211805A5005767BF /* AppDelegate.swift in Sources */ = {isa = PBXBuildFile; fileRef = E2936ECE211805A5005767BF /* AppDelegate.swift */; };
		E2936ED1211805A5005767BF /* ViewController.swift in Sources */ = {isa = PBXBuildFile; fileRef = E2936ED0211805A5005767BF /* ViewController.swift */; };
		E2936ED4211805A5005767BF /* Main.storyboard in Resources */ = {isa = PBXBuildFile; fileRef = E2936ED2211805A5005767BF /* Main.storyboard */; };
		E2936ED6211805A6005767BF /* Assets.xcassets in Resources */ = {isa = PBXBuildFile; fileRef = E2936ED5211805A6005767BF /* Assets.xcassets */; };
		E2936ED9211805A6005767BF /* LaunchScreen.storyboard in Resources */ = {isa = PBXBuildFile; fileRef = E2936ED7211805A6005767BF /* LaunchScreen.storyboard */; };
		E2936EE521180D73005767BF /* GradientView.swift in Sources */ = {isa = PBXBuildFile; fileRef = E2936EE421180D73005767BF /* GradientView.swift */; };
/* End PBXBuildFile section */

/* Begin PBXFileReference section */
		E2936ECB211805A5005767BF /* Lowest Cart.app */ = {isa = PBXFileReference; explicitFileType = wrapper.application; includeInIndex = 0; path = "Lowest Cart.app"; sourceTree = BUILT_PRODUCTS_DIR; };
		E2936ECE211805A5005767BF /* AppDelegate.swift */ = {isa = PBXFileReference; lastKnownFileType = sourcecode.swift; path = AppDelegate.swift; sourceTree = "<group>"; };
		E2936ED0211805A5005767BF /* ViewController.swift */ = {isa = PBXFileReference; lastKnownFileType = sourcecode.swift; path = ViewController.swift; sourceTree = "<group>"; };
		E2936ED3211805A5005767BF /* Base */ = {isa = PBXFileReference; lastKnownFileType = file.storyboard; name = Base; path = Base.lproj/Main.storyboard; sourceTree = "<group>"; };
		E2936ED5211805A6005767BF /* Assets.xcassets */ = {isa = PBXFileReference; lastKnownFileType = folder.assetcatalog; path = Assets.xcassets; sourceTree = "<group>"; };
		E2936ED8211805A6005767BF /* Base */ = {isa = PBXFileReference; lastKnownFileType = file.storyboard; name = Base; path = Base.lproj/LaunchScreen.storyboard; sourceTree = "<group>"; };
		E2936EDA211805A6005767BF /* Info.plist */ = {isa = PBXFileReference; lastKnownFileType = text.plist.xml; path = Info.plist; sourceTree = "<group>"; };
		E2936EE421180D73005767BF /* GradientView.swift */ = {isa = PBXFileReference; lastKnownFileType = sourcecode.swift; path = GradientView.swift; sourceTree = "<group>"; };
/* End PBXFileReference section */

/* Begin PBXFrameworksBuildPhase section */
		E2936EC8211805A5005767BF /* Frameworks */ = {
			isa = PBXFrameworksBuildPhase;
			buildActionMask = 2147483647;
			files = (
			);
			runOnlyForDeploymentPostprocessing = 0;
		};
/* End PBXFrameworksBuildPhase section */

/* Begin PBXGroup section */
		E2936EC2211805A5005767BF = {
			isa = PBXGroup;
			children = (
				E2936ECD211805A5005767BF /* Lowest Cart */,
				E2936ECC211805A5005767BF /* Products */,
			);
			sourceTree = "<group>";
		};
		E2936ECC211805A5005767BF /* Products */ = {
			isa = PBXGroup;
			children = (
				E2936ECB211805A5005767BF /* Lowest Cart.app */,
			);
			name = Products;
			sourceTree = "<group>";
		};
		E2936ECD211805A5005767BF /* Lowest Cart */ = {
			isa = PBXGroup;
			children = (
				E2936EE321180D48005767BF /* View */,
				E2936EE221180CFA005767BF /* Constants */,
				E2936EE021180CEA005767BF /* Controllers */,
				E2936ECE211805A5005767BF /* AppDelegate.swift */,
				E2936ED0211805A5005767BF /* ViewController.swift */,
				E2936ED2211805A5005767BF /* Main.storyboard */,
				E2936ED5211805A6005767BF /* Assets.xcassets */,
				E2936ED7211805A6005767BF /* LaunchScreen.storyboard */,
				E2936EDA211805A6005767BF /* Info.plist */,
			);
			path = "Lowest Cart";
			sourceTree = "<group>";
		};
		E2936EE021180CEA005767BF /* Controllers */ = {
			isa = PBXGroup;
			children = (
			);
			path = Controllers;
			sourceTree = "<group>";
		};
		E2936EE221180CFA005767BF /* Constants */ = {
			isa = PBXGroup;
			children = (
			);
			path = Constants;
			sourceTree = "<group>";
		};
		E2936EE321180D48005767BF /* View */ = {
			isa = PBXGroup;
			children = (
				E2936EE421180D73005767BF /* GradientView.swift */,
			);
			path = View;
			sourceTree = "<group>";
		};
/* End PBXGroup section */

/* Begin PBXNativeTarget section */
		E2936ECA211805A5005767BF /* Lowest Cart */ = {
			isa = PBXNativeTarget;
			buildConfigurationList = E2936EDD211805A6005767BF /* Build configuration list for PBXNativeTarget "Lowest Cart" */;
			buildPhases = (
				E2936EC7211805A5005767BF /* Sources */,
				E2936EC8211805A5005767BF /* Frameworks */,
				E2936EC9211805A5005767BF /* Resources */,
			);
			buildRules = (
			);
			dependencies = (
			);
			name = "Lowest Cart";
			productName = "Lowest Cart";
			productReference = E2936ECB211805A5005767BF /* Lowest Cart.app */;
			productType = "com.apple.product-type.application";
		};
/* End PBXNativeTarget section */

/* Begin PBXProject section */
		E2936EC3211805A5005767BF /* Project object */ = {
			isa = PBXProject;
			attributes = {
				LastSwiftUpdateCheck = 0940;
				LastUpgradeCheck = 0940;
				ORGANIZATIONNAME = "Adam Gusky";
				TargetAttributes = {
					E2936ECA211805A5005767BF = {
						CreatedOnToolsVersion = 9.4.1;
					};
				};
			};
			buildConfigurationList = E2936EC6211805A5005767BF /* Build configuration list for PBXProject "Lowest Cart" */;
			compatibilityVersion = "Xcode 9.3";
			developmentRegion = en;
			hasScannedForEncodings = 0;
			knownRegions = (
				en,
				Base,
			);
			mainGroup = E2936EC2211805A5005767BF;
			productRefGroup = E2936ECC211805A5005767BF /* Products */;
			projectDirPath = "";
			projectRoot = "";
			targets = (
				E2936ECA211805A5005767BF /* Lowest Cart */,
			);
		};
/* End PBXProject section */

/* Begin PBXResourcesBuildPhase section */
		E2936EC9211805A5005767BF /* Resources */ = {
			isa = PBXResourcesBuildPhase;
			buildActionMask = 2147483647;
			files = (
				E2936ED9211805A6005767BF /* LaunchScreen.storyboard in Resources */,
				E2936ED6211805A6005767BF /* Assets.xcassets in Resources */,
				E2936ED4211805A5005767BF /* Main.storyboard in Resources */,
			);
			runOnlyForDeploymentPostprocessing = 0;
		};
/* End PBXResourcesBuildPhase section */

/* Begin PBXSourcesBuildPhase section */
		E2936EC7211805A5005767BF /* Sources */ = {
			isa = PBXSourcesBuildPhase;
			buildActionMask = 2147483647;
			files = (
				E2936ED1211805A5005767BF /* ViewController.swift in Sources */,
				E2936ECF211805A5005767BF /* AppDelegate.swift in Sources */,
				E2936EE521180D73005767BF /* GradientView.swift in Sources */,
			);
			runOnlyForDeploymentPostprocessing = 0;
		};
/* End PBXSourcesBuildPhase section */

/* Begin PBXVariantGroup section */
		E2936ED2211805A5005767BF /* Main.storyboard */ = {
			isa = PBXVariantGroup;
			children = (
				E2936ED3211805A5005767BF /* Base */,
			);
			name = Main.storyboard;
			sourceTree = "<group>";
		};
		E2936ED7211805A6005767BF /* LaunchScreen.storyboard */ = {
			isa = PBXVariantGroup;
			children = (
				E2936ED8211805A6005767BF /* Base */,
			);
			name = LaunchScreen.storyboard;
			sourceTree = "<group>";
		};
/* End PBXVariantGroup section */

/* Begin XCBuildConfiguration section */
		E2936EDB211805A6005767BF /* Debug */ = {
			isa = XCBuildConfiguration;
			buildSettings = {
				ALWAYS_SEARCH_USER_PATHS = NO;
				CLANG_ANALYZER_NONNULL = YES;
				CLANG_ANALYZER_NUMBER_OBJECT_CONVERSION = YES_AGGRESSIVE;
				CLANG_CXX_LANGUAGE_STANDARD = "gnu++14";
				CLANG_CXX_LIBRARY = "libc++";
				CLANG_ENABLE_MODULES = YES;
				CLANG_ENABLE_OBJC_ARC = YES;
				CLANG_ENABLE_OBJC_WEAK = YES;
				CLANG_WARN_BLOCK_CAPTURE_AUTORELEASING = YES;
				CLANG_WARN_BOOL_CONVERSION = YES;
				CLANG_WARN_COMMA = YES;
				CLANG_WARN_CONSTANT_CONVERSION = YES;
				CLANG_WARN_DEPRECATED_OBJC_IMPLEMENTATIONS = YES;
				CLANG_WARN_DIRECT_OBJC_ISA_USAGE = YES_ERROR;
				CLANG_WARN_DOCUMENTATION_COMMENTS = YES;
				CLANG_WARN_EMPTY_BODY = YES;
				CLANG_WARN_ENUM_CONVERSION = YES;
				CLANG_WARN_INFINITE_RECURSION = YES;
				CLANG_WARN_INT_CONVERSION = YES;
				CLANG_WARN_NON_LITERAL_NULL_CONVERSION = YES;
				CLANG_WARN_OBJC_IMPLICIT_RETAIN_SELF = YES;
				CLANG_WARN_OBJC_LITERAL_CONVERSION = YES;
				CLANG_WARN_OBJC_ROOT_CLASS = YES_ERROR;
				CLANG_WARN_RANGE_LOOP_ANALYSIS = YES;
				CLANG_WARN_STRICT_PROTOTYPES = YES;
				CLANG_WARN_SUSPICIOUS_MOVE = YES;
				CLANG_WARN_UNGUARDED_AVAILABILITY = YES_AGGRESSIVE;
				CLANG_WARN_UNREACHABLE_CODE = YES;
				CLANG_WARN__DUPLICATE_METHOD_MATCH = YES;
				CODE_SIGN_IDENTITY = "iPhone Developer";
				COPY_PHASE_STRIP = NO;
				DEBUG_INFORMATION_FORMAT = dwarf;
				ENABLE_STRICT_OBJC_MSGSEND = YES;
				ENABLE_TESTABILITY = YES;
				GCC_C_LANGUAGE_STANDARD = gnu11;
				GCC_DYNAMIC_NO_PIC = NO;
				GCC_NO_COMMON_BLOCKS = YES;
				GCC_OPTIMIZATION_LEVEL = 0;
				GCC_PREPROCESSOR_DEFINITIONS = (
					"DEBUG=1",
					"$(inherited)",
				);
				GCC_WARN_64_TO_32_BIT_CONVERSION = YES;
				GCC_WARN_ABOUT_RETURN_TYPE = YES_ERROR;
				GCC_WARN_UNDECLARED_SELECTOR = YES;
				GCC_WARN_UNINITIALIZED_AUTOS = YES_AGGRESSIVE;
				GCC_WARN_UNUSED_FUNCTION = YES;
				GCC_WARN_UNUSED_VARIABLE = YES;
				IPHONEOS_DEPLOYMENT_TARGET = 11.4;
				MTL_ENABLE_DEBUG_INFO = YES;
				ONLY_ACTIVE_ARCH = YES;
				SDKROOT = iphoneos;
				SWIFT_ACTIVE_COMPILATION_CONDITIONS = DEBUG;
				SWIFT_OPTIMIZATION_LEVEL = "-Onone";
			};
			name = Debug;
		};
		E2936EDC211805A6005767BF /* Release */ = {
			isa = XCBuildConfiguration;
			buildSettings = {
				ALWAYS_SEARCH_USER_PATHS = NO;
				CLANG_ANALYZER_NONNULL = YES;
				CLANG_ANALYZER_NUMBER_OBJECT_CONVERSION = YES_AGGRESSIVE;
				CLANG_CXX_LANGUAGE_STANDARD = "gnu++14";
				CLANG_CXX_LIBRARY = "libc++";
				CLANG_ENABLE_MODULES = YES;
				CLANG_ENABLE_OBJC_ARC = YES;
				CLANG_ENABLE_OBJC_WEAK = YES;
				CLANG_WARN_BLOCK_CAPTURE_AUTORELEASING = YES;
				CLANG_WARN_BOOL_CONVERSION = YES;
				CLANG_WARN_COMMA = YES;
				CLANG_WARN_CONSTANT_CONVERSION = YES;
				CLANG_WARN_DEPRECATED_OBJC_IMPLEMENTATIONS = YES;
				CLANG_WARN_DIRECT_OBJC_ISA_USAGE = YES_ERROR;
				CLANG_WARN_DOCUMENTATION_COMMENTS = YES;
				CLANG_WARN_EMPTY_BODY = YES;
				CLANG_WARN_ENUM_CONVERSION = YES;
				CLANG_WARN_INFINITE_RECURSION = YES;
				CLANG_WARN_INT_CONVERSION = YES;
				CLANG_WARN_NON_LITERAL_NULL_CONVERSION = YES;
				CLANG_WARN_OBJC_IMPLICIT_RETAIN_SELF = YES;
				CLANG_WARN_OBJC_LITERAL_CONVERSION = YES;
				CLANG_WARN_OBJC_ROOT_CLASS = YES_ERROR;
				CLANG_WARN_RANGE_LOOP_ANALYSIS = YES;
				CLANG_WARN_STRICT_PROTOTYPES = YES;
				CLANG_WARN_SUSPICIOUS_MOVE = YES;
				CLANG_WARN_UNGUARDED_AVAILABILITY = YES_AGGRESSIVE;
				CLANG_WARN_UNREACHABLE_CODE = YES;
				CLANG_WARN__DUPLICATE_METHOD_MATCH = YES;
				CODE_SIGN_IDENTITY = "iPhone Developer";
				COPY_PHASE_STRIP = NO;
				DEBUG_INFORMATION_FORMAT = "dwarf-with-dsym";
				ENABLE_NS_ASSERTIONS = NO;
				ENABLE_STRICT_OBJC_MSGSEND = YES;
				GCC_C_LANGUAGE_STANDARD = gnu11;
				GCC_NO_COMMON_BLOCKS = YES;
				GCC_WARN_64_TO_32_BIT_CONVERSION = YES;
				GCC_WARN_ABOUT_RETURN_TYPE = YES_ERROR;
				GCC_WARN_UNDECLARED_SELECTOR = YES;
				GCC_WARN_UNINITIALIZED_AUTOS = YES_AGGRESSIVE;
				GCC_WARN_UNUSED_FUNCTION = YES;
				GCC_WARN_UNUSED_VARIABLE = YES;
				IPHONEOS_DEPLOYMENT_TARGET = 11.4;
				MTL_ENABLE_DEBUG_INFO = NO;
				SDKROOT = iphoneos;
				SWIFT_COMPILATION_MODE = wholemodule;
				SWIFT_OPTIMIZATION_LEVEL = "-O";
				VALIDATE_PRODUCT = YES;
			};
			name = Release;
		};
		E2936EDE211805A6005767BF /* Debug */ = {
			isa = XCBuildConfiguration;
			buildSettings = {
				ASSETCATALOG_COMPILER_APPICON_NAME = AppIcon;
				CODE_SIGN_STYLE = Automatic;
				DEVELOPMENT_TEAM = 8ZLW8CT376;
				INFOPLIST_FILE = "Lowest Cart/Info.plist";
				LD_RUNPATH_SEARCH_PATHS = (
					"$(inherited)",
					"@executable_path/Frameworks",
				);
				PRODUCT_BUNDLE_IDENTIFIER = "com.adamgusky.Lowest-Cart";
				PRODUCT_NAME = "$(TARGET_NAME)";
				SWIFT_VERSION = 4.0;
				TARGETED_DEVICE_FAMILY = "1,2";
			};
			name = Debug;
		};
		E2936EDF211805A6005767BF /* Release */ = {
			isa = XCBuildConfiguration;
			buildSettings = {
				ASSETCATALOG_COMPILER_APPICON_NAME = AppIcon;
				CODE_SIGN_STYLE = Automatic;
				DEVELOPMENT_TEAM = 8ZLW8CT376;
				INFOPLIST_FILE = "Lowest Cart/Info.plist";
				LD_RUNPATH_SEARCH_PATHS = (
					"$(inherited)",
					"@executable_path/Frameworks",
				);
				PRODUCT_BUNDLE_IDENTIFIER = "com.adamgusky.Lowest-Cart";
				PRODUCT_NAME = "$(TARGET_NAME)";
				SWIFT_VERSION = 4.0;
				TARGETED_DEVICE_FAMILY = "1,2";
			};
			name = Release;
		};
/* End XCBuildConfiguration section */

/* Begin XCConfigurationList section */
		E2936EC6211805A5005767BF /* Build configuration list for PBXProject "Lowest Cart" */ = {
			isa = XCConfigurationList;
			buildConfigurations = (
				E2936EDB211805A6005767BF /* Debug */,
				E2936EDC211805A6005767BF /* Release */,
			);
			defaultConfigurationIsVisible = 0;
			defaultConfigurationName = Release;
		};
		E2936EDD211805A6005767BF /* Build configuration list for PBXNativeTarget "Lowest Cart" */ = {
			isa = XCConfigurationList;
			buildConfigurations = (
				E2936EDE211805A6005767BF /* Debug */,
				E2936EDF211805A6005767BF /* Release */,
			);
			defaultConfigurationIsVisible = 0;
			defaultConfigurationName = Release;
		};
/* End XCConfigurationList section */
	};
	rootObject = E2936EC3211805A5005767BF /* Project object */;
}
